// !$*UTF8*$!
{
	archiveVersion = 1;
	classes = {
	};
	objectVersion = 56;
	objects = {

/* Begin PBXBuildFile section */
		5ED5063374321A526C9BD445 /* Pods_LUAutocompleteViewExample.framework in Frameworks */ = {isa = PBXBuildFile; fileRef = C9522797F532BDFC9E806F79 /* Pods_LUAutocompleteViewExample.framework */; };
		CF2B73531EAE8A7E009056D2 /* AppDelegate.swift in Sources */ = {isa = PBXBuildFile; fileRef = CF2B73521EAE8A7E009056D2 /* AppDelegate.swift */; };
		CF2B73551EAE8A7E009056D2 /* ViewController.swift in Sources */ = {isa = PBXBuildFile; fileRef = CF2B73541EAE8A7E009056D2 /* ViewController.swift */; };
		CF2B73581EAE8A7E009056D2 /* Main.storyboard in Resources */ = {isa = PBXBuildFile; fileRef = CF2B73561EAE8A7E009056D2 /* Main.storyboard */; };
		CF2B735A1EAE8A7E009056D2 /* Assets.xcassets in Resources */ = {isa = PBXBuildFile; fileRef = CF2B73591EAE8A7E009056D2 /* Assets.xcassets */; };
		CF2B735D1EAE8A7E009056D2 /* LaunchScreen.storyboard in Resources */ = {isa = PBXBuildFile; fileRef = CF2B735B1EAE8A7E009056D2 /* LaunchScreen.storyboard */; };
		CF9218171EAF63B300D754B0 /* CustomAutocompleteTableViewCell.swift in Sources */ = {isa = PBXBuildFile; fileRef = CF9218161EAF63B300D754B0 /* CustomAutocompleteTableViewCell.swift */; };
/* End PBXBuildFile section */

/* Begin PBXFileReference section */
		20BE2DE0E155D4CF2C477078 /* Pods-LUAutocompleteViewExample.debug.xcconfig */ = {isa = PBXFileReference; includeInIndex = 1; lastKnownFileType = text.xcconfig; name = "Pods-LUAutocompleteViewExample.debug.xcconfig"; path = "Target Support Files/Pods-LUAutocompleteViewExample/Pods-LUAutocompleteViewExample.debug.xcconfig"; sourceTree = "<group>"; };
		C9522797F532BDFC9E806F79 /* Pods_LUAutocompleteViewExample.framework */ = {isa = PBXFileReference; explicitFileType = wrapper.framework; includeInIndex = 0; path = Pods_LUAutocompleteViewExample.framework; sourceTree = BUILT_PRODUCTS_DIR; };
		CF2B734F1EAE8A7E009056D2 /* LUAutocompleteViewExample.app */ = {isa = PBXFileReference; explicitFileType = wrapper.application; includeInIndex = 0; path = LUAutocompleteViewExample.app; sourceTree = BUILT_PRODUCTS_DIR; };
		CF2B73521EAE8A7E009056D2 /* AppDelegate.swift */ = {isa = PBXFileReference; lastKnownFileType = sourcecode.swift; path = AppDelegate.swift; sourceTree = "<group>"; };
		CF2B73541EAE8A7E009056D2 /* ViewController.swift */ = {isa = PBXFileReference; lastKnownFileType = sourcecode.swift; path = ViewController.swift; sourceTree = "<group>"; };
		CF2B73571EAE8A7E009056D2 /* Base */ = {isa = PBXFileReference; lastKnownFileType = file.storyboard; name = Base; path = Base.lproj/Main.storyboard; sourceTree = "<group>"; };
		CF2B73591EAE8A7E009056D2 /* Assets.xcassets */ = {isa = PBXFileReference; lastKnownFileType = folder.assetcatalog; path = Assets.xcassets; sourceTree = "<group>"; };
		CF2B735C1EAE8A7E009056D2 /* Base */ = {isa = PBXFileReference; lastKnownFileType = file.storyboard; name = Base; path = Base.lproj/LaunchScreen.storyboard; sourceTree = "<group>"; };
		CF2B735E1EAE8A7E009056D2 /* Info.plist */ = {isa = PBXFileReference; lastKnownFileType = text.plist.xml; path = Info.plist; sourceTree = "<group>"; };
		CF9218161EAF63B300D754B0 /* CustomAutocompleteTableViewCell.swift */ = {isa = PBXFileReference; fileEncoding = 4; lastKnownFileType = sourcecode.swift; path = CustomAutocompleteTableViewCell.swift; sourceTree = "<group>"; };
		D9E51CCCBD3A5F6C4B93C781 /* Pods-LUAutocompleteViewExample.release.xcconfig */ = {isa = PBXFileReference; includeInIndex = 1; lastKnownFileType = text.xcconfig; name = "Pods-LUAutocompleteViewExample.release.xcconfig"; path = "Target Support Files/Pods-LUAutocompleteViewExample/Pods-LUAutocompleteViewExample.release.xcconfig"; sourceTree = "<group>"; };
/* End PBXFileReference section */

/* Begin PBXFrameworksBuildPhase section */
		CF2B734C1EAE8A7E009056D2 /* Frameworks */ = {
			isa = PBXFrameworksBuildPhase;
			buildActionMask = 2147483647;
			files = (
				5ED5063374321A526C9BD445 /* Pods_LUAutocompleteViewExample.framework in Frameworks */,
			);
			runOnlyForDeploymentPostprocessing = 0;
		};
/* End PBXFrameworksBuildPhase section */

/* Begin PBXGroup section */
		839064B8D3ACDB690BA498BE /* Frameworks */ = {
			isa = PBXGroup;
			children = (
				C9522797F532BDFC9E806F79 /* Pods_LUAutocompleteViewExample.framework */,
			);
			name = Frameworks;
			sourceTree = "<group>";
		};
		CF2B73461EAE8A7E009056D2 = {
			isa = PBXGroup;
			children = (
				CF2B73511EAE8A7E009056D2 /* LUAutocompleteViewExample */,
				CF2B73501EAE8A7E009056D2 /* Products */,
				FC42C9B9F0C60C77B3D4F696 /* Pods */,
				839064B8D3ACDB690BA498BE /* Frameworks */,
			);
			sourceTree = "<group>";
		};
		CF2B73501EAE8A7E009056D2 /* Products */ = {
			isa = PBXGroup;
			children = (
				CF2B734F1EAE8A7E009056D2 /* LUAutocompleteViewExample.app */,
			);
			name = Products;
			sourceTree = "<group>";
		};
		CF2B73511EAE8A7E009056D2 /* LUAutocompleteViewExample */ = {
			isa = PBXGroup;
			children = (
				CF2B73521EAE8A7E009056D2 /* AppDelegate.swift */,
				CF2B73591EAE8A7E009056D2 /* Assets.xcassets */,
				CF9218161EAF63B300D754B0 /* CustomAutocompleteTableViewCell.swift */,
				CF2B735E1EAE8A7E009056D2 /* Info.plist */,
				CF2B735B1EAE8A7E009056D2 /* LaunchScreen.storyboard */,
				CF2B73561EAE8A7E009056D2 /* Main.storyboard */,
				CF2B73541EAE8A7E009056D2 /* ViewController.swift */,
			);
			path = LUAutocompleteViewExample;
			sourceTree = "<group>";
		};
		FC42C9B9F0C60C77B3D4F696 /* Pods */ = {
			isa = PBXGroup;
			children = (
				20BE2DE0E155D4CF2C477078 /* Pods-LUAutocompleteViewExample.debug.xcconfig */,
				D9E51CCCBD3A5F6C4B93C781 /* Pods-LUAutocompleteViewExample.release.xcconfig */,
			);
			name = Pods;
			path = Pods;
			sourceTree = "<group>";
		};
/* End PBXGroup section */

/* Begin PBXNativeTarget section */
		CF2B734E1EAE8A7E009056D2 /* LUAutocompleteViewExample */ = {
			isa = PBXNativeTarget;
			buildConfigurationList = CF2B73611EAE8A7E009056D2 /* Build configuration list for PBXNativeTarget "LUAutocompleteViewExample" */;
			buildPhases = (
				AA905CB548A1D8BDBE27CB62 /* [CP] Check Pods Manifest.lock */,
				CF2B734B1EAE8A7E009056D2 /* Sources */,
				CF2B734C1EAE8A7E009056D2 /* Frameworks */,
				CF2B734D1EAE8A7E009056D2 /* Resources */,
				6BF85B7D76F3C6B405ED1367 /* [CP] Embed Pods Frameworks */,
			);
			buildRules = (
			);
			dependencies = (
			);
			name = LUAutocompleteViewExample;
			productName = LUAutocompleteViewExample;
			productReference = CF2B734F1EAE8A7E009056D2 /* LUAutocompleteViewExample.app */;
			productType = "com.apple.product-type.application";
		};
/* End PBXNativeTarget section */

/* Begin PBXProject section */
		CF2B73471EAE8A7E009056D2 /* Project object */ = {
			isa = PBXProject;
			attributes = {
				BuildIndependentTargetsInParallel = YES;
				LastSwiftUpdateCheck = 0830;
				LastUpgradeCheck = 1500;
				ORGANIZATIONNAME = "Laurentiu Ungur";
				TargetAttributes = {
					CF2B734E1EAE8A7E009056D2 = {
						CreatedOnToolsVersion = 8.3.2;
						LastSwiftMigration = 1020;
						ProvisioningStyle = Automatic;
					};
				};
			};
			buildConfigurationList = CF2B734A1EAE8A7E009056D2 /* Build configuration list for PBXProject "LUAutocompleteViewExample" */;
			compatibilityVersion = "Xcode 14.0";
			developmentRegion = en;
			hasScannedForEncodings = 0;
			knownRegions = (
				en,
				Base,
			);
			mainGroup = CF2B73461EAE8A7E009056D2;
			productRefGroup = CF2B73501EAE8A7E009056D2 /* Products */;
			projectDirPath = "";
			projectRoot = "";
			targets = (
				CF2B734E1EAE8A7E009056D2 /* LUAutocompleteViewExample */,
			);
		};
/* End PBXProject section */

/* Begin PBXResourcesBuildPhase section */
		CF2B734D1EAE8A7E009056D2 /* Resources */ = {
			isa = PBXResourcesBuildPhase;
			buildActionMask = 2147483647;
			files = (
				CF2B735D1EAE8A7E009056D2 /* LaunchScreen.storyboard in Resources */,
				CF2B735A1EAE8A7E009056D2 /* Assets.xcassets in Resources */,
				CF2B73581EAE8A7E009056D2 /* Main.storyboard in Resources */,
			);
			runOnlyForDeploymentPostprocessing = 0;
		};
/* End PBXResourcesBuildPhase section */

/* Begin PBXShellScriptBuildPhase section */
		6BF85B7D76F3C6B405ED1367 /* [CP] Embed Pods Frameworks */ = {
			isa = PBXShellScriptBuildPhase;
			buildActionMask = 2147483647;
			files = (
			);
			inputFileListPaths = (
				"${PODS_ROOT}/Target Support Files/Pods-LUAutocompleteViewExample/Pods-LUAutocompleteViewExample-frameworks-${CONFIGURATION}-input-files.xcfilelist",
			);
			name = "[CP] Embed Pods Frameworks";
			outputFileListPaths = (
				"${PODS_ROOT}/Target Support Files/Pods-LUAutocompleteViewExample/Pods-LUAutocompleteViewExample-frameworks-${CONFIGURATION}-output-files.xcfilelist",
			);
			runOnlyForDeploymentPostprocessing = 0;
			shellPath = /bin/sh;
			shellScript = "\"${PODS_ROOT}/Target Support Files/Pods-LUAutocompleteViewExample/Pods-LUAutocompleteViewExample-frameworks.sh\"\n";
			showEnvVarsInLog = 0;
		};
		AA905CB548A1D8BDBE27CB62 /* [CP] Check Pods Manifest.lock */ = {
			isa = PBXShellScriptBuildPhase;
			buildActionMask = 2147483647;
			files = (
			);
			inputFileListPaths = (
			);
			inputPaths = (
				"${PODS_PODFILE_DIR_PATH}/Podfile.lock",
				"${PODS_ROOT}/Manifest.lock",
			);
			name = "[CP] Check Pods Manifest.lock";
			outputFileListPaths = (
			);
			outputPaths = (
				"$(DERIVED_FILE_DIR)/Pods-LUAutocompleteViewExample-checkManifestLockResult.txt",
			);
			runOnlyForDeploymentPostprocessing = 0;
			shellPath = /bin/sh;
			shellScript = "diff \"${PODS_PODFILE_DIR_PATH}/Podfile.lock\" \"${PODS_ROOT}/Manifest.lock\" > /dev/null\nif [ $? != 0 ] ; then\n    # print error to STDERR\n    echo \"error: The sandbox is not in sync with the Podfile.lock. Run 'pod install' or update your CocoaPods installation.\" >&2\n    exit 1\nfi\n# This output is used by Xcode 'outputs' to avoid re-running this script phase.\necho \"SUCCESS\" > \"${SCRIPT_OUTPUT_FILE_0}\"\n";
			showEnvVarsInLog = 0;
		};
/* End PBXShellScriptBuildPhase section */

/* Begin PBXSourcesBuildPhase section */
		CF2B734B1EAE8A7E009056D2 /* Sources */ = {
			isa = PBXSourcesBuildPhase;
			buildActionMask = 2147483647;
			files = (
				CF9218171EAF63B300D754B0 /* CustomAutocompleteTableViewCell.swift in Sources */,
				CF2B73551EAE8A7E009056D2 /* ViewController.swift in Sources */,
				CF2B73531EAE8A7E009056D2 /* AppDelegate.swift in Sources */,
			);
			runOnlyForDeploymentPostprocessing = 0;
		};
/* End PBXSourcesBuildPhase section */

/* Begin PBXVariantGroup section */
		CF2B73561EAE8A7E009056D2 /* Main.storyboard */ = {
			isa = PBXVariantGroup;
			children = (
				CF2B73571EAE8A7E009056D2 /* Base */,
			);
			name = Main.storyboard;
			sourceTree = "<group>";
		};
		CF2B735B1EAE8A7E009056D2 /* LaunchScreen.storyboard */ = {
			isa = PBXVariantGroup;
			children = (
				CF2B735C1EAE8A7E009056D2 /* Base */,
			);
			name = LaunchScreen.storyboard;
			sourceTree = "<group>";
		};
/* End PBXVariantGroup section */

/* Begin XCBuildConfiguration section */
		CF2B735F1EAE8A7E009056D2 /* Debug */ = {
			isa = XCBuildConfiguration;
			buildSettings = {
				ALWAYS_SEARCH_USER_PATHS = NO;
				ASSETCATALOG_COMPILER_GENERATE_SWIFT_ASSET_SYMBOL_EXTENSIONS = YES;
				CLANG_ANALYZER_LOCALIZABILITY_NONLOCALIZED = YES;
				CLANG_ANALYZER_NONNULL = YES;
				CLANG_ANALYZER_NUMBER_OBJECT_CONVERSION = YES_AGGRESSIVE;
				CLANG_CXX_LANGUAGE_STANDARD = "gnu++0x";
				CLANG_CXX_LIBRARY = "libc++";
				CLANG_ENABLE_MODULES = YES;
				CLANG_ENABLE_OBJC_ARC = YES;
				CLANG_WARN_BLOCK_CAPTURE_AUTORELEASING = YES;
				CLANG_WARN_BOOL_CONVERSION = YES;
				CLANG_WARN_COMMA = YES;
				CLANG_WARN_CONSTANT_CONVERSION = YES;
				CLANG_WARN_DEPRECATED_OBJC_IMPLEMENTATIONS = YES;
				CLANG_WARN_DIRECT_OBJC_ISA_USAGE = YES_ERROR;
				CLANG_WARN_DOCUMENTATION_COMMENTS = YES;
				CLANG_WARN_EMPTY_BODY = YES;
				CLANG_WARN_ENUM_CONVERSION = YES;
				CLANG_WARN_INFINITE_RECURSION = YES;
				CLANG_WARN_INT_CONVERSION = YES;
				CLANG_WARN_NON_LITERAL_NULL_CONVERSION = YES;
				CLANG_WARN_OBJC_IMPLICIT_RETAIN_SELF = YES;
				CLANG_WARN_OBJC_LITERAL_CONVERSION = YES;
				CLANG_WARN_OBJC_ROOT_CLASS = YES_ERROR;
				CLANG_WARN_QUOTED_INCLUDE_IN_FRAMEWORK_HEADER = YES;
				CLANG_WARN_RANGE_LOOP_ANALYSIS = YES;
				CLANG_WARN_STRICT_PROTOTYPES = YES;
				CLANG_WARN_SUSPICIOUS_MOVE = YES;
				CLANG_WARN_UNREACHABLE_CODE = YES;
				CLANG_WARN__DUPLICATE_METHOD_MATCH = YES;
				"CODE_SIGN_IDENTITY[sdk=iphoneos*]" = "iPhone Developer";
				COPY_PHASE_STRIP = NO;
				DEBUG_INFORMATION_FORMAT = dwarf;
				ENABLE_STRICT_OBJC_MSGSEND = YES;
				ENABLE_TESTABILITY = YES;
				ENABLE_USER_SCRIPT_SANDBOXING = YES;
				GCC_C_LANGUAGE_STANDARD = gnu99;
				GCC_DYNAMIC_NO_PIC = NO;
				GCC_NO_COMMON_BLOCKS = YES;
				GCC_OPTIMIZATION_LEVEL = 0;
				GCC_PREPROCESSOR_DEFINITIONS = (
					"DEBUG=1",
					"$(inherited)",
				);
				GCC_WARN_64_TO_32_BIT_CONVERSION = YES;
				GCC_WARN_ABOUT_RETURN_TYPE = YES_ERROR;
				GCC_WARN_UNDECLARED_SELECTOR = YES;
				GCC_WARN_UNINITIALIZED_AUTOS = YES_AGGRESSIVE;
				GCC_WARN_UNUSED_FUNCTION = YES;
				GCC_WARN_UNUSED_VARIABLE = YES;
				IPHONEOS_DEPLOYMENT_TARGET = 13.0;
				MTL_ENABLE_DEBUG_INFO = YES;
				ONLY_ACTIVE_ARCH = YES;
				SDKROOT = iphoneos;
				SWIFT_ACTIVE_COMPILATION_CONDITIONS = DEBUG;
				SWIFT_OPTIMIZATION_LEVEL = "-Onone";
				SWIFT_VERSION = 4.2;
				TARGETED_DEVICE_FAMILY = "1,2";
			};
			name = Debug;
		};
		CF2B73601EAE8A7E009056D2 /* Release */ = {
			isa = XCBuildConfiguration;
			buildSettings = {
				ALWAYS_SEARCH_USER_PATHS = NO;
				ASSETCATALOG_COMPILER_GENERATE_SWIFT_ASSET_SYMBOL_EXTENSIONS = YES;
				CLANG_ANALYZER_LOCALIZABILITY_NONLOCALIZED = YES;
				CLANG_ANALYZER_NONNULL = YES;
				CLANG_ANALYZER_NUMBER_OBJECT_CONVERSION = YES_AGGRESSIVE;
				CLANG_CXX_LANGUAGE_STANDARD = "gnu++0x";
				CLANG_CXX_LIBRARY = "libc++";
				CLANG_ENABLE_MODULES = YES;
				CLANG_ENABLE_OBJC_ARC = YES;
				CLANG_WARN_BLOCK_CAPTURE_AUTORELEASING = YES;
				CLANG_WARN_BOOL_CONVERSION = YES;
				CLANG_WARN_COMMA = YES;
				CLANG_WARN_CONSTANT_CONVERSION = YES;
				CLANG_WARN_DEPRECATED_OBJC_IMPLEMENTATIONS = YES;
				CLANG_WARN_DIRECT_OBJC_ISA_USAGE = YES_ERROR;
				CLANG_WARN_DOCUMENTATION_COMMENTS = YES;
				CLANG_WARN_EMPTY_BODY = YES;
				CLANG_WARN_ENUM_CONVERSION = YES;
				CLANG_WARN_INFINITE_RECURSION = YES;
				CLANG_WARN_INT_CONVERSION = YES;
				CLANG_WARN_NON_LITERAL_NULL_CONVERSION = YES;
				CLANG_WARN_OBJC_IMPLICIT_RETAIN_SELF = YES;
				CLANG_WARN_OBJC_LITERAL_CONVERSION = YES;
				CLANG_WARN_OBJC_ROOT_CLASS = YES_ERROR;
				CLANG_WARN_QUOTED_INCLUDE_IN_FRAMEWORK_HEADER = YES;
				CLANG_WARN_RANGE_LOOP_ANALYSIS = YES;
				CLANG_WARN_STRICT_PROTOTYPES = YES;
				CLANG_WARN_SUSPICIOUS_MOVE = YES;
				CLANG_WARN_UNREACHABLE_CODE = YES;
				CLANG_WARN__DUPLICATE_METHOD_MATCH = YES;
				"CODE_SIGN_IDENTITY[sdk=iphoneos*]" = "iPhone Developer";
				COPY_PHASE_STRIP = NO;
				DEBUG_INFORMATION_FORMAT = "dwarf-with-dsym";
				ENABLE_NS_ASSERTIONS = NO;
				ENABLE_STRICT_OBJC_MSGSEND = YES;
				ENABLE_USER_SCRIPT_SANDBOXING = YES;
				GCC_C_LANGUAGE_STANDARD = gnu99;
				GCC_NO_COMMON_BLOCKS = YES;
				GCC_WARN_64_TO_32_BIT_CONVERSION = YES;
				GCC_WARN_ABOUT_RETURN_TYPE = YES_ERROR;
				GCC_WARN_UNDECLARED_SELECTOR = YES;
				GCC_WARN_UNINITIALIZED_AUTOS = YES_AGGRESSIVE;
				GCC_WARN_UNUSED_FUNCTION = YES;
				GCC_WARN_UNUSED_VARIABLE = YES;
				IPHONEOS_DEPLOYMENT_TARGET = 13.0;
				MTL_ENABLE_DEBUG_INFO = NO;
				SDKROOT = iphoneos;
				SWIFT_COMPILATION_MODE = wholemodule;
				SWIFT_OPTIMIZATION_LEVEL = "-O";
				SWIFT_VERSION = 4.2;
				TARGETED_DEVICE_FAMILY = "1,2";
				VALIDATE_PRODUCT = YES;
			};
			name = Release;
		};
		CF2B73621EAE8A7E009056D2 /* Debug */ = {
			isa = XCBuildConfiguration;
			baseConfigurationReference = 20BE2DE0E155D4CF2C477078 /* Pods-LUAutocompleteViewExample.debug.xcconfig */;
			buildSettings = {
				ASSETCATALOG_COMPILER_APPICON_NAME = AppIcon;
				DEVELOPMENT_TEAM = "";
				ENABLE_USER_SCRIPT_SANDBOXING = NO;
				INFOPLIST_FILE = LUAutocompleteViewExample/Info.plist;
				IPHONEOS_DEPLOYMENT_TARGET = 13.0;
				LD_RUNPATH_SEARCH_PATHS = (
					"$(inherited)",
					"@executable_path/Frameworks",
				);
				OTHER_LDFLAGS = "$(inherited)";
				PRODUCT_BUNDLE_IDENTIFIER = LU.LUAutocompleteViewExample;
				PRODUCT_NAME = "$(TARGET_NAME)";
				SWIFT_VERSION = 5.0;
			};
			name = Debug;
		};
		CF2B73631EAE8A7E009056D2 /* Release */ = {
			isa = XCBuildConfiguration;
			baseConfigurationReference = D9E51CCCBD3A5F6C4B93C781 /* Pods-LUAutocompleteViewExample.release.xcconfig */;
			buildSettings = {
				ASSETCATALOG_COMPILER_APPICON_NAME = AppIcon;
				DEVELOPMENT_TEAM = "";
				ENABLE_USER_SCRIPT_SANDBOXING = NO;
				INFOPLIST_FILE = LUAutocompleteViewExample/Info.plist;
				IPHONEOS_DEPLOYMENT_TARGET = 13.0;
				LD_RUNPATH_SEARCH_PATHS = (
					"$(inherited)",
					"@executable_path/Frameworks",
				);
				OTHER_LDFLAGS = "$(inherited)";
				PRODUCT_BUNDLE_IDENTIFIER = LU.LUAutocompleteViewExample;
				PRODUCT_NAME = "$(TARGET_NAME)";
				SWIFT_VERSION = 5.0;
			};
			name = Release;
		};
/* End XCBuildConfiguration section */

/* Begin XCConfigurationList section */
		CF2B734A1EAE8A7E009056D2 /* Build configuration list for PBXProject "LUAutocompleteViewExample" */ = {
			isa = XCConfigurationList;
			buildConfigurations = (
				CF2B735F1EAE8A7E009056D2 /* Debug */,
				CF2B73601EAE8A7E009056D2 /* Release */,
			);
			defaultConfigurationIsVisible = 0;
			defaultConfigurationName = Release;
		};
		CF2B73611EAE8A7E009056D2 /* Build configuration list for PBXNativeTarget "LUAutocompleteViewExample" */ = {
			isa = XCConfigurationList;
			buildConfigurations = (
				CF2B73621EAE8A7E009056D2 /* Debug */,
				CF2B73631EAE8A7E009056D2 /* Release */,
			);
			defaultConfigurationIsVisible = 0;
			defaultConfigurationName = Release;
		};
/* End XCConfigurationList section */
	};
	rootObject = CF2B73471EAE8A7E009056D2 /* Project object */;
}
